# This file is automatically @generated by Cargo.
# It is not intended for manual editing.
version = 4

[[package]]
name = "bhtune-backend"
version = "0.1.0"

[[package]]
name = "bhtune-cli"
version = "0.1.0"

[[package]]
name = "bhtune-core"
version = "0.1.0"

[[package]]
name = "bhtune-db"
version = "0.1.0"

[[package]]
name = "bhtune-desktop"
version = "0.1.0"

[[package]]
name = "bhtune-server"
version = "0.1.0"
